
Microsoft Visual Studio Solution File, Format Version 12.00
# Visual Studio 14
VisualStudioVersion = 14.0.25420.1
MinimumVisualStudioVersion = 10.0.40219.1
Project("{FAE04EC0-301F-11D3-BF4B-00C04F79EFBC}") = "PhotoManagerThreeLayer", "PhotoManagerThreeLayer\PhotoManagerThreeLayer.csproj", "{8F1B5463-C8F8-4695-8DE0-58596FACCB15}"
EndProject
Project("{FAE04EC0-301F-11D3-BF4B-00C04F79EFBC}") = "PhotoManager.BLL", "PhotoManager.BLL\PhotoManager.BLL.csproj", "{46B7AA8A-0A23-44B5-B69E-B712BF7D831C}"
EndProject
Project("{FAE04EC0-301F-11D3-BF4B-00C04F79EFBC}") = "PhotoManager.DAL", "PhotoManager.DAL\PhotoManager.DAL.csproj", "{D287FB2C-86C1-451B-8DF4-E408883C4565}"
EndProject
Project("{FAE04EC0-301F-11D3-BF4B-00C04F79EFBC}") = "PhotoManagerModels", "PhotoManagerModels\PhotoManagerModels.csproj", "{3CD32A4F-B636-4BDD-85CD-988254B25200}"
EndProject
Project("{FAE04EC0-301F-11D3-BF4B-00C04F79EFBC}") = "UnitTestProject1", "UnitTestProject1\UnitTestProject1.csproj", "{D804DC5E-4D4F-4956-BCAB-B29467F2BECF}"
EndProject
Global
	GlobalSection(SolutionConfigurationPlatforms) = preSolution
		Debug|Any CPU = Debug|Any CPU
		Release|Any CPU = Release|Any CPU
	EndGlobalSection
	GlobalSection(ProjectConfigurationPlatforms) = postSolution
		{8F1B5463-C8F8-4695-8DE0-58596FACCB15}.Debug|Any CPU.ActiveCfg = Debug|Any CPU
		{8F1B5463-C8F8-4695-8DE0-58596FACCB15}.Debug|Any CPU.Build.0 = Debug|Any CPU
		{8F1B5463-C8F8-4695-8DE0-58596FACCB15}.Release|Any CPU.ActiveCfg = Release|Any CPU
		{8F1B5463-C8F8-4695-8DE0-58596FACCB15}.Release|Any CPU.Build.0 = Release|Any CPU
		{46B7AA8A-0A23-44B5-B69E-B712BF7D831C}.Debug|Any CPU.ActiveCfg = Debug|Any CPU
		{46B7AA8A-0A23-44B5-B69E-B712BF7D831C}.Debug|Any CPU.Build.0 = Debug|Any CPU
		{46B7AA8A-0A23-44B5-B69E-B712BF7D831C}.Release|Any CPU.ActiveCfg = Release|Any CPU
		{46B7AA8A-0A23-44B5-B69E-B712BF7D831C}.Release|Any CPU.Build.0 = Release|Any CPU
		{D287FB2C-86C1-451B-8DF4-E408883C4565}.Debug|Any CPU.ActiveCfg = Debug|Any CPU
		{D287FB2C-86C1-451B-8DF4-E408883C4565}.Debug|Any CPU.Build.0 = Debug|Any CPU
		{D287FB2C-86C1-451B-8DF4-E408883C4565}.Release|Any CPU.ActiveCfg = Release|Any CPU
		{D287FB2C-86C1-451B-8DF4-E408883C4565}.Release|Any CPU.Build.0 = Release|Any CPU
		{3CD32A4F-B636-4BDD-85CD-988254B25200}.Debug|Any CPU.ActiveCfg = Debug|Any CPU
		{3CD32A4F-B636-4BDD-85CD-988254B25200}.Debug|Any CPU.Build.0 = Debug|Any CPU
		{3CD32A4F-B636-4BDD-85CD-988254B25200}.Release|Any CPU.ActiveCfg = Release|Any CPU
		{3CD32A4F-B636-4BDD-85CD-988254B25200}.Release|Any CPU.Build.0 = Release|Any CPU
		{D804DC5E-4D4F-4956-BCAB-B29467F2BECF}.Debug|Any CPU.ActiveCfg = Debug|Any CPU
		{D804DC5E-4D4F-4956-BCAB-B29467F2BECF}.Debug|Any CPU.Build.0 = Debug|Any CPU
		{D804DC5E-4D4F-4956-BCAB-B29467F2BECF}.Release|Any CPU.ActiveCfg = Release|Any CPU
		{D804DC5E-4D4F-4956-BCAB-B29467F2BECF}.Release|Any CPU.Build.0 = Release|Any CPU
	EndGlobalSection
	GlobalSection(SolutionProperties) = preSolution
		HideSolutionNode = FALSE
	EndGlobalSection
EndGlobal
